
Microsoft Visual Studio Solution File, Format Version 12.00
# Visual Studio 15
VisualStudioVersion = 15.0.26430.6
MinimumVisualStudioVersion = 10.0.40219.1
Project("{9A19103F-16F7-4668-BE54-9A1E7A4F7556}") = "PrivateFinance.Web", "PrivateFinance.Web\PrivateFinance.Web.csproj", "{FB5596AC-E3BE-422B-9408-A536A668A0A2}"
EndProject
Project("{FAE04EC0-301F-11D3-BF4B-00C04F79EFBC}") = "PrivateFinance.Entities", "PrivateFinance.Entities\PrivateFinance.Entities.csproj", "{4729CA35-E9BF-4737-885D-32F81EA09B8F}"
EndProject
Project("{FAE04EC0-301F-11D3-BF4B-00C04F79EFBC}") = "PrivateFinance.DB", "PrivateFinance.DB\PrivateFinance.DB.csproj", "{AA057B4A-81FC-4442-AD84-854C734F83AA}"
EndProject
Project("{FAE04EC0-301F-11D3-BF4B-00C04F79EFBC}") = "PrivateFinance.DataAccess", "PrivateFinance.DataAccess\PrivateFinance.DataAccess.csproj", "{1776BD55-8E0D-47C5-96E0-87B4B9BB9A96}"
EndProject
Project("{FAE04EC0-301F-11D3-BF4B-00C04F79EFBC}") = "PrivateFinance.DataAccess.DbImplementation", "PrivateFinance.DataAccess.DbImplementation\PrivateFinance.DataAccess.DbImplementation.csproj", "{E18421A8-3BD3-4F64-A3A1-D2FEE0E02D5E}"
EndProject
Project("{FAE04EC0-301F-11D3-BF4B-00C04F79EFBC}") = "PrivateFinance.ViewModels", "PrivateFinance.ViewModels\PrivateFinance.ViewModels.csproj", "{BD4DB6ED-56B1-424D-AB95-5F9A68904401}"
EndProject
Global
	GlobalSection(SolutionConfigurationPlatforms) = preSolution
		Debug|Any CPU = Debug|Any CPU
		Release|Any CPU = Release|Any CPU
	EndGlobalSection
	GlobalSection(ProjectConfigurationPlatforms) = postSolution
		{FB5596AC-E3BE-422B-9408-A536A668A0A2}.Debug|Any CPU.ActiveCfg = Debug|Any CPU
		{FB5596AC-E3BE-422B-9408-A536A668A0A2}.Debug|Any CPU.Build.0 = Debug|Any CPU
		{FB5596AC-E3BE-422B-9408-A536A668A0A2}.Release|Any CPU.ActiveCfg = Release|Any CPU
		{FB5596AC-E3BE-422B-9408-A536A668A0A2}.Release|Any CPU.Build.0 = Release|Any CPU
		{4729CA35-E9BF-4737-885D-32F81EA09B8F}.Debug|Any CPU.ActiveCfg = Debug|Any CPU
		{4729CA35-E9BF-4737-885D-32F81EA09B8F}.Debug|Any CPU.Build.0 = Debug|Any CPU
		{4729CA35-E9BF-4737-885D-32F81EA09B8F}.Release|Any CPU.ActiveCfg = Release|Any CPU
		{4729CA35-E9BF-4737-885D-32F81EA09B8F}.Release|Any CPU.Build.0 = Release|Any CPU
		{AA057B4A-81FC-4442-AD84-854C734F83AA}.Debug|Any CPU.ActiveCfg = Debug|Any CPU
		{AA057B4A-81FC-4442-AD84-854C734F83AA}.Debug|Any CPU.Build.0 = Debug|Any CPU
		{AA057B4A-81FC-4442-AD84-854C734F83AA}.Release|Any CPU.ActiveCfg = Release|Any CPU
		{AA057B4A-81FC-4442-AD84-854C734F83AA}.Release|Any CPU.Build.0 = Release|Any CPU
		{1776BD55-8E0D-47C5-96E0-87B4B9BB9A96}.Debug|Any CPU.ActiveCfg = Debug|Any CPU
		{1776BD55-8E0D-47C5-96E0-87B4B9BB9A96}.Debug|Any CPU.Build.0 = Debug|Any CPU
		{1776BD55-8E0D-47C5-96E0-87B4B9BB9A96}.Release|Any CPU.ActiveCfg = Release|Any CPU
		{1776BD55-8E0D-47C5-96E0-87B4B9BB9A96}.Release|Any CPU.Build.0 = Release|Any CPU
		{E18421A8-3BD3-4F64-A3A1-D2FEE0E02D5E}.Debug|Any CPU.ActiveCfg = Debug|Any CPU
		{E18421A8-3BD3-4F64-A3A1-D2FEE0E02D5E}.Debug|Any CPU.Build.0 = Debug|Any CPU
		{E18421A8-3BD3-4F64-A3A1-D2FEE0E02D5E}.Release|Any CPU.ActiveCfg = Release|Any CPU
		{E18421A8-3BD3-4F64-A3A1-D2FEE0E02D5E}.Release|Any CPU.Build.0 = Release|Any CPU
		{BD4DB6ED-56B1-424D-AB95-5F9A68904401}.Debug|Any CPU.ActiveCfg = Debug|Any CPU
		{BD4DB6ED-56B1-424D-AB95-5F9A68904401}.Debug|Any CPU.Build.0 = Debug|Any CPU
		{BD4DB6ED-56B1-424D-AB95-5F9A68904401}.Release|Any CPU.ActiveCfg = Release|Any CPU
		{BD4DB6ED-56B1-424D-AB95-5F9A68904401}.Release|Any CPU.Build.0 = Release|Any CPU
	EndGlobalSection
	GlobalSection(SolutionProperties) = preSolution
		HideSolutionNode = FALSE
	EndGlobalSection
EndGlobal
